
Microsoft Visual Studio Solution File, Format Version 12.00
# Visual Studio Version 17
VisualStudioVersion = 17.7.34009.444
MinimumVisualStudioVersion = 10.0.40219.1
Project("{FAE04EC0-301F-11D3-BF4B-00C04F79EFBC}") = "Hackathon2023", "Hackathon2023\Hackathon2023.csproj", "{727A4DF3-21E8-4015-B0FC-B68B11BA3BD7}"
EndProject
Global
	GlobalSection(SolutionConfigurationPlatforms) = preSolution
		Debug|Any CPU = Debug|Any CPU
		Release|Any CPU = Release|Any CPU
	EndGlobalSection
	GlobalSection(ProjectConfigurationPlatforms) = postSolution
		{727A4DF3-21E8-4015-B0FC-B68B11BA3BD7}.Debug|Any CPU.ActiveCfg = Debug|Any CPU
		{727A4DF3-21E8-4015-B0FC-B68B11BA3BD7}.Debug|Any CPU.Build.0 = Debug|Any CPU
		{727A4DF3-21E8-4015-B0FC-B68B11BA3BD7}.Release|Any CPU.ActiveCfg = Release|Any CPU
		{727A4DF3-21E8-4015-B0FC-B68B11BA3BD7}.Release|Any CPU.Build.0 = Release|Any CPU
	EndGlobalSection
	GlobalSection(SolutionProperties) = preSolution
		HideSolutionNode = FALSE
	EndGlobalSection
	GlobalSection(ExtensibilityGlobals) = postSolution
		SolutionGuid = {E15A0A54-FA5F-4924-B73E-D9D124FC995E}
	EndGlobalSection
EndGlobal
